
Microsoft Visual Studio Solution File, Format Version 12.00
# Visual Studio Version 16
VisualStudioVersion = 16.0.30717.126
MinimumVisualStudioVersion = 10.0.40219.1
Project("{FAE04EC0-301F-11D3-BF4B-00C04F79EFBC}") = "quiz_backend", "quiz-backend\quiz_backend.csproj", "{2209534E-CB69-4EE4-A508-35F247054D27}"
EndProject
Global
	GlobalSection(SolutionConfigurationPlatforms) = preSolution
		Debug|Any CPU = Debug|Any CPU
		Release|Any CPU = Release|Any CPU
	EndGlobalSection
	GlobalSection(ProjectConfigurationPlatforms) = postSolution
		{2209534E-CB69-4EE4-A508-35F247054D27}.Debug|Any CPU.ActiveCfg = Debug|Any CPU
		{2209534E-CB69-4EE4-A508-35F247054D27}.Debug|Any CPU.Build.0 = Debug|Any CPU
		{2209534E-CB69-4EE4-A508-35F247054D27}.Release|Any CPU.ActiveCfg = Release|Any CPU
		{2209534E-CB69-4EE4-A508-35F247054D27}.Release|Any CPU.Build.0 = Release|Any CPU
	EndGlobalSection
	GlobalSection(SolutionProperties) = preSolution
		HideSolutionNode = FALSE
	EndGlobalSection
	GlobalSection(ExtensibilityGlobals) = postSolution
		SolutionGuid = {2EC2CB42-BEB3-4461-B920-147C84523B66}
	EndGlobalSection
EndGlobal
